
Microsoft Visual Studio Solution File, Format Version 12.00
# Visual Studio Version 16
VisualStudioVersion = 16.0.30309.148
MinimumVisualStudioVersion = 10.0.40219.1
Project("{FAE04EC0-301F-11D3-BF4B-00C04F79EFBC}") = "LibraryTrack", "LibraryTrack\LibraryTrack.csproj", "{CA2E8336-D87E-41F6-922F-95967F1E9136}"
EndProject
Global
	GlobalSection(SolutionConfigurationPlatforms) = preSolution
		Debug|Any CPU = Debug|Any CPU
		Release|Any CPU = Release|Any CPU
	EndGlobalSection
	GlobalSection(ProjectConfigurationPlatforms) = postSolution
		{CA2E8336-D87E-41F6-922F-95967F1E9136}.Debug|Any CPU.ActiveCfg = Debug|Any CPU
		{CA2E8336-D87E-41F6-922F-95967F1E9136}.Debug|Any CPU.Build.0 = Debug|Any CPU
		{CA2E8336-D87E-41F6-922F-95967F1E9136}.Release|Any CPU.ActiveCfg = Release|Any CPU
		{CA2E8336-D87E-41F6-922F-95967F1E9136}.Release|Any CPU.Build.0 = Release|Any CPU
	EndGlobalSection
	GlobalSection(SolutionProperties) = preSolution
		HideSolutionNode = FALSE
	EndGlobalSection
	GlobalSection(ExtensibilityGlobals) = postSolution
		SolutionGuid = {213C237D-2F2A-441B-8F53-5D107991C83B}
	EndGlobalSection
EndGlobal
